
Microsoft Visual Studio Solution File, Format Version 12.00
# Visual Studio 15
VisualStudioVersion = 15.0.27428.2037
MinimumVisualStudioVersion = 10.0.40219.1
Project("{8BC9CEB8-8B4A-11D0-8D11-00A0C91BC942}") = "usb-relay-dll", "lib\usb-relay-dll\usb-relay-dll(vc2017) .vcxproj", "{0E07152A-666D-4EB4-9049-BDE08C35A86D}"
EndProject
Project("{FAE04EC0-301F-11D3-BF4B-00C04F79EFBC}") = "NetDll", "NetDll\NetDll.csproj", "{8EA9358E-C47A-4EEE-9B5C-925ECB979248}"
	ProjectSection(ProjectDependencies) = postProject
		{0E07152A-666D-4EB4-9049-BDE08C35A86D} = {0E07152A-666D-4EB4-9049-BDE08C35A86D}
	EndProjectSection
EndProject
Project("{FAE04EC0-301F-11D3-BF4B-00C04F79EFBC}") = "NetDllTest", "NetDllTest\NetDllTest.csproj", "{7FC538C7-1AA7-407F-B22F-790FFF103B78}"
	ProjectSection(ProjectDependencies) = postProject
		{0E07152A-666D-4EB4-9049-BDE08C35A86D} = {0E07152A-666D-4EB4-9049-BDE08C35A86D}
		{8EA9358E-C47A-4EEE-9B5C-925ECB979248} = {8EA9358E-C47A-4EEE-9B5C-925ECB979248}
	EndProjectSection
EndProject
Global
	GlobalSection(SolutionConfigurationPlatforms) = preSolution
		Debug|Any CPU = Debug|Any CPU
		Debug|x64 = Debug|x64
		Debug|x86 = Debug|x86
		Release|Any CPU = Release|Any CPU
		Release|x64 = Release|x64
		Release|x86 = Release|x86
	EndGlobalSection
	GlobalSection(ProjectConfigurationPlatforms) = postSolution
		{0E07152A-666D-4EB4-9049-BDE08C35A86D}.Debug|Any CPU.ActiveCfg = Debug|Win32
		{0E07152A-666D-4EB4-9049-BDE08C35A86D}.Debug|Any CPU.Build.0 = Debug|Win32
		{0E07152A-666D-4EB4-9049-BDE08C35A86D}.Debug|x64.ActiveCfg = Debug|x64
		{0E07152A-666D-4EB4-9049-BDE08C35A86D}.Debug|x64.Build.0 = Debug|x64
		{0E07152A-666D-4EB4-9049-BDE08C35A86D}.Debug|x86.ActiveCfg = Debug|Win32
		{0E07152A-666D-4EB4-9049-BDE08C35A86D}.Debug|x86.Build.0 = Debug|Win32
		{0E07152A-666D-4EB4-9049-BDE08C35A86D}.Release|Any CPU.ActiveCfg = Release|Win32
		{0E07152A-666D-4EB4-9049-BDE08C35A86D}.Release|Any CPU.Build.0 = Release|Win32
		{0E07152A-666D-4EB4-9049-BDE08C35A86D}.Release|x64.ActiveCfg = Release|x64
		{0E07152A-666D-4EB4-9049-BDE08C35A86D}.Release|x64.Build.0 = Release|x64
		{0E07152A-666D-4EB4-9049-BDE08C35A86D}.Release|x86.ActiveCfg = Release|Win32
		{0E07152A-666D-4EB4-9049-BDE08C35A86D}.Release|x86.Build.0 = Release|Win32
		{8EA9358E-C47A-4EEE-9B5C-925ECB979248}.Debug|Any CPU.ActiveCfg = Debug|Any CPU
		{8EA9358E-C47A-4EEE-9B5C-925ECB979248}.Debug|Any CPU.Build.0 = Debug|Any CPU
		{8EA9358E-C47A-4EEE-9B5C-925ECB979248}.Debug|x64.ActiveCfg = Debug|Any CPU
		{8EA9358E-C47A-4EEE-9B5C-925ECB979248}.Debug|x64.Build.0 = Debug|Any CPU
		{8EA9358E-C47A-4EEE-9B5C-925ECB979248}.Debug|x86.ActiveCfg = Debug|Any CPU
		{8EA9358E-C47A-4EEE-9B5C-925ECB979248}.Debug|x86.Build.0 = Debug|Any CPU
		{8EA9358E-C47A-4EEE-9B5C-925ECB979248}.Release|Any CPU.ActiveCfg = Release|Any CPU
		{8EA9358E-C47A-4EEE-9B5C-925ECB979248}.Release|Any CPU.Build.0 = Release|Any CPU
		{8EA9358E-C47A-4EEE-9B5C-925ECB979248}.Release|x64.ActiveCfg = Release|Any CPU
		{8EA9358E-C47A-4EEE-9B5C-925ECB979248}.Release|x64.Build.0 = Release|Any CPU
		{8EA9358E-C47A-4EEE-9B5C-925ECB979248}.Release|x86.ActiveCfg = Release|Any CPU
		{8EA9358E-C47A-4EEE-9B5C-925ECB979248}.Release|x86.Build.0 = Release|Any CPU
		{7FC538C7-1AA7-407F-B22F-790FFF103B78}.Debug|Any CPU.ActiveCfg = Debug|Any CPU
		{7FC538C7-1AA7-407F-B22F-790FFF103B78}.Debug|Any CPU.Build.0 = Debug|Any CPU
		{7FC538C7-1AA7-407F-B22F-790FFF103B78}.Debug|x64.ActiveCfg = Debug|Any CPU
		{7FC538C7-1AA7-407F-B22F-790FFF103B78}.Debug|x64.Build.0 = Debug|Any CPU
		{7FC538C7-1AA7-407F-B22F-790FFF103B78}.Debug|x86.ActiveCfg = Debug|Any CPU
		{7FC538C7-1AA7-407F-B22F-790FFF103B78}.Debug|x86.Build.0 = Debug|Any CPU
		{7FC538C7-1AA7-407F-B22F-790FFF103B78}.Release|Any CPU.ActiveCfg = Release|Any CPU
		{7FC538C7-1AA7-407F-B22F-790FFF103B78}.Release|Any CPU.Build.0 = Release|Any CPU
		{7FC538C7-1AA7-407F-B22F-790FFF103B78}.Release|x64.ActiveCfg = Release|Any CPU
		{7FC538C7-1AA7-407F-B22F-790FFF103B78}.Release|x64.Build.0 = Release|Any CPU
		{7FC538C7-1AA7-407F-B22F-790FFF103B78}.Release|x86.ActiveCfg = Release|Any CPU
		{7FC538C7-1AA7-407F-B22F-790FFF103B78}.Release|x86.Build.0 = Release|Any CPU
	EndGlobalSection
	GlobalSection(SolutionProperties) = preSolution
		HideSolutionNode = FALSE
	EndGlobalSection
	GlobalSection(ExtensibilityGlobals) = postSolution
		SolutionGuid = {FF57DB59-B614-4F8B-9546-46857F328E4F}
	EndGlobalSection
EndGlobal
